
Microsoft Visual Studio Solution File, Format Version 12.00
# Visual Studio Version 16
VisualStudioVersion = 16.0.31129.286
MinimumVisualStudioVersion = 10.0.40219.1
Project("{FAE04EC0-301F-11D3-BF4B-00C04F79EFBC}") = "Order_Create", "Order_Create\Order_Create.csproj", "{5EF230A3-7F45-4BC1-8D4F-894248A80162}"
EndProject
Global
	GlobalSection(SolutionConfigurationPlatforms) = preSolution
		Debug|Any CPU = Debug|Any CPU
		Release|Any CPU = Release|Any CPU
	EndGlobalSection
	GlobalSection(ProjectConfigurationPlatforms) = postSolution
		{5EF230A3-7F45-4BC1-8D4F-894248A80162}.Debug|Any CPU.ActiveCfg = Debug|Any CPU
		{5EF230A3-7F45-4BC1-8D4F-894248A80162}.Debug|Any CPU.Build.0 = Debug|Any CPU
		{5EF230A3-7F45-4BC1-8D4F-894248A80162}.Release|Any CPU.ActiveCfg = Release|Any CPU
		{5EF230A3-7F45-4BC1-8D4F-894248A80162}.Release|Any CPU.Build.0 = Release|Any CPU
	EndGlobalSection
	GlobalSection(SolutionProperties) = preSolution
		HideSolutionNode = FALSE
	EndGlobalSection
	GlobalSection(ExtensibilityGlobals) = postSolution
		SolutionGuid = {A3452470-3BF8-4907-8E7B-A222998067A4}
	EndGlobalSection
EndGlobal
